
Microsoft Visual Studio Solution File, Format Version 12.00
# Visual Studio 15
Project("{FAE04EC0-301F-11D3-BF4B-00C04F79EFBC}") = "QuickstartAPI360", "QuickstartAPI360\QuickstartAPI360.csproj", "{1BDB01BE-84DC-4ABE-A578-929A1378DA73}"
EndProject
Global
	GlobalSection(SolutionConfigurationPlatforms) = preSolution
		Debug|Any CPU = Debug|Any CPU
		Release|Any CPU = Release|Any CPU
	EndGlobalSection
	GlobalSection(ProjectConfigurationPlatforms) = postSolution
		{1BDB01BE-84DC-4ABE-A578-929A1378DA73}.Debug|Any CPU.ActiveCfg = Debug|Any CPU
		{1BDB01BE-84DC-4ABE-A578-929A1378DA73}.Debug|Any CPU.Build.0 = Debug|Any CPU
		{1BDB01BE-84DC-4ABE-A578-929A1378DA73}.Release|Any CPU.ActiveCfg = Release|Any CPU
		{1BDB01BE-84DC-4ABE-A578-929A1378DA73}.Release|Any CPU.Build.0 = Release|Any CPU
	EndGlobalSection
EndGlobal
